
Microsoft Visual Studio Solution File, Format Version 12.00
# Visual Studio Version 16
VisualStudioVersion = 16.0.28922.388
MinimumVisualStudioVersion = 10.0.40219.1
Project("{2150E333-8FDC-42A3-9474-1A3956D46DE8}") = "_ref", "_ref", "{78F2F280-0EED-460B-A8B8-954C564D5998}"
EndProject
Project("{FAE04EC0-301F-11D3-BF4B-00C04F79EFBC}") = "nilnul.num._real_._TEST_", "nilnul.num._real_._TEST_.csproj", "{1EB756AE-302A-4169-A7E3-53DDFCBA2D59}"
EndProject
Project("{FAE04EC0-301F-11D3-BF4B-00C04F79EFBC}") = "nilnul.num._real_._LIB_", "..\_LIB_(Git\nilnul.num._real_._LIB_.csproj", "{C2B2C72B-7950-468D-A024-A65B000F9F96}"
EndProject
Project("{2150E333-8FDC-42A3-9474-1A3956D46DE8}") = "_see", "_see", "{8EAD84EE-BC71-4738-877F-9B2A490357CB}"
EndProject
Project("{FAE04EC0-301F-11D3-BF4B-00C04F79EFBC}") = "nilnul.num.real.expr(obsoletedInto_nilnul.num.real", "..\nilnul.num.real._expr_\_lib\nilnul.num.real.expr(obsoletedInto_nilnul.num.real.csproj", "{567A5DC3-DD49-4AD4-B7DB-FA5CA102BEBE}"
EndProject
Project("{FAE04EC0-301F-11D3-BF4B-00C04F79EFBC}") = "nilnul._math_._markup_._LIB_", "..\..\nilnul._math_\_markup_(Git\_LIB_(Git\nilnul._math_._markup_._LIB_.csproj", "{73C13F00-518B-442E-ACFE-B2CE915D36AF}"
EndProject
Global
	GlobalSection(SolutionConfigurationPlatforms) = preSolution
		_Temp|Any CPU = _Temp|Any CPU
		_Temp|Mixed Platforms = _Temp|Mixed Platforms
		_Temp|x86 = _Temp|x86
		Debug|Any CPU = Debug|Any CPU
		Debug|Mixed Platforms = Debug|Mixed Platforms
		Debug|x86 = Debug|x86
		debug2pub|Any CPU = debug2pub|Any CPU
		debug2pub|Mixed Platforms = debug2pub|Mixed Platforms
		debug2pub|x86 = debug2pub|x86
		hbue__deptS_ccpOrg___release|Any CPU = hbue__deptS_ccpOrg___release|Any CPU
		hbue__deptS_ccpOrg___release|Mixed Platforms = hbue__deptS_ccpOrg___release|Mixed Platforms
		hbue__deptS_ccpOrg___release|x86 = hbue__deptS_ccpOrg___release|x86
		hbue__deptS_ccpOrg|Any CPU = hbue__deptS_ccpOrg|Any CPU
		hbue__deptS_ccpOrg|Mixed Platforms = hbue__deptS_ccpOrg|Mixed Platforms
		hbue__deptS_ccpOrg|x86 = hbue__deptS_ccpOrg|x86
		Hbue40|Any CPU = Hbue40|Any CPU
		Hbue40|Mixed Platforms = Hbue40|Mixed Platforms
		Hbue40|x86 = Hbue40|x86
		PreferChinese|Any CPU = PreferChinese|Any CPU
		PreferChinese|Mixed Platforms = PreferChinese|Mixed Platforms
		PreferChinese|x86 = PreferChinese|x86
		Release_PreferChinese|Any CPU = Release_PreferChinese|Any CPU
		Release_PreferChinese|Mixed Platforms = Release_PreferChinese|Mixed Platforms
		Release_PreferChinese|x86 = Release_PreferChinese|x86
		Release|Any CPU = Release|Any CPU
		Release|Mixed Platforms = Release|Mixed Platforms
		Release|x86 = Release|x86
		Symbol|Any CPU = Symbol|Any CPU
		Symbol|Mixed Platforms = Symbol|Mixed Platforms
		Symbol|x86 = Symbol|x86
		Symbols4Debug|Any CPU = Symbols4Debug|Any CPU
		Symbols4Debug|Mixed Platforms = Symbols4Debug|Mixed Platforms
		Symbols4Debug|x86 = Symbols4Debug|x86
		test_release|Any CPU = test_release|Any CPU
		test_release|Mixed Platforms = test_release|Mixed Platforms
		test_release|x86 = test_release|x86
	EndGlobalSection
	GlobalSection(ProjectConfigurationPlatforms) = postSolution
		{1EB756AE-302A-4169-A7E3-53DDFCBA2D59}._Temp|Any CPU.ActiveCfg = Release|Any CPU
		{1EB756AE-302A-4169-A7E3-53DDFCBA2D59}._Temp|Any CPU.Build.0 = Release|Any CPU
		{1EB756AE-302A-4169-A7E3-53DDFCBA2D59}._Temp|Mixed Platforms.ActiveCfg = Release|Any CPU
		{1EB756AE-302A-4169-A7E3-53DDFCBA2D59}._Temp|Mixed Platforms.Build.0 = Release|Any CPU
		{1EB756AE-302A-4169-A7E3-53DDFCBA2D59}._Temp|x86.ActiveCfg = Release|Any CPU
		{1EB756AE-302A-4169-A7E3-53DDFCBA2D59}._Temp|x86.Build.0 = Release|Any CPU
		{1EB756AE-302A-4169-A7E3-53DDFCBA2D59}.Debug|Any CPU.ActiveCfg = Debug|Any CPU
		{1EB756AE-302A-4169-A7E3-53DDFCBA2D59}.Debug|Any CPU.Build.0 = Debug|Any CPU
		{1EB756AE-302A-4169-A7E3-53DDFCBA2D59}.Debug|Mixed Platforms.ActiveCfg = Debug|Any CPU
		{1EB756AE-302A-4169-A7E3-53DDFCBA2D59}.Debug|Mixed Platforms.Build.0 = Debug|Any CPU
		{1EB756AE-302A-4169-A7E3-53DDFCBA2D59}.Debug|x86.ActiveCfg = Debug|Any CPU
		{1EB756AE-302A-4169-A7E3-53DDFCBA2D59}.Debug|x86.Build.0 = Debug|Any CPU
		{1EB756AE-302A-4169-A7E3-53DDFCBA2D59}.debug2pub|Any CPU.ActiveCfg = Debug|Any CPU
		{1EB756AE-302A-4169-A7E3-53DDFCBA2D59}.debug2pub|Any CPU.Build.0 = Debug|Any CPU
		{1EB756AE-302A-4169-A7E3-53DDFCBA2D59}.debug2pub|Mixed Platforms.ActiveCfg = Debug|Any CPU
		{1EB756AE-302A-4169-A7E3-53DDFCBA2D59}.debug2pub|Mixed Platforms.Build.0 = Debug|Any CPU
		{1EB756AE-302A-4169-A7E3-53DDFCBA2D59}.debug2pub|x86.ActiveCfg = Debug|Any CPU
		{1EB756AE-302A-4169-A7E3-53DDFCBA2D59}.debug2pub|x86.Build.0 = Debug|Any CPU
		{1EB756AE-302A-4169-A7E3-53DDFCBA2D59}.hbue__deptS_ccpOrg___release|Any CPU.ActiveCfg = Release|Any CPU
		{1EB756AE-302A-4169-A7E3-53DDFCBA2D59}.hbue__deptS_ccpOrg___release|Any CPU.Build.0 = Release|Any CPU
		{1EB756AE-302A-4169-A7E3-53DDFCBA2D59}.hbue__deptS_ccpOrg___release|Mixed Platforms.ActiveCfg = Release|Any CPU
		{1EB756AE-302A-4169-A7E3-53DDFCBA2D59}.hbue__deptS_ccpOrg___release|Mixed Platforms.Build.0 = Release|Any CPU
		{1EB756AE-302A-4169-A7E3-53DDFCBA2D59}.hbue__deptS_ccpOrg___release|x86.ActiveCfg = Release|Any CPU
		{1EB756AE-302A-4169-A7E3-53DDFCBA2D59}.hbue__deptS_ccpOrg___release|x86.Build.0 = Release|Any CPU
		{1EB756AE-302A-4169-A7E3-53DDFCBA2D59}.hbue__deptS_ccpOrg|Any CPU.ActiveCfg = Release|Any CPU
		{1EB756AE-302A-4169-A7E3-53DDFCBA2D59}.hbue__deptS_ccpOrg|Any CPU.Build.0 = Release|Any CPU
		{1EB756AE-302A-4169-A7E3-53DDFCBA2D59}.hbue__deptS_ccpOrg|Mixed Platforms.ActiveCfg = Release|Any CPU
		{1EB756AE-302A-4169-A7E3-53DDFCBA2D59}.hbue__deptS_ccpOrg|Mixed Platforms.Build.0 = Release|Any CPU
		{1EB756AE-302A-4169-A7E3-53DDFCBA2D59}.hbue__deptS_ccpOrg|x86.ActiveCfg = Release|Any CPU
		{1EB756AE-302A-4169-A7E3-53DDFCBA2D59}.hbue__deptS_ccpOrg|x86.Build.0 = Release|Any CPU
		{1EB756AE-302A-4169-A7E3-53DDFCBA2D59}.Hbue40|Any CPU.ActiveCfg = Release|Any CPU
		{1EB756AE-302A-4169-A7E3-53DDFCBA2D59}.Hbue40|Any CPU.Build.0 = Release|Any CPU
		{1EB756AE-302A-4169-A7E3-53DDFCBA2D59}.Hbue40|Mixed Platforms.ActiveCfg = Release|Any CPU
		{1EB756AE-302A-4169-A7E3-53DDFCBA2D59}.Hbue40|Mixed Platforms.Build.0 = Release|Any CPU
		{1EB756AE-302A-4169-A7E3-53DDFCBA2D59}.Hbue40|x86.ActiveCfg = Release|Any CPU
		{1EB756AE-302A-4169-A7E3-53DDFCBA2D59}.Hbue40|x86.Build.0 = Release|Any CPU
		{1EB756AE-302A-4169-A7E3-53DDFCBA2D59}.PreferChinese|Any CPU.ActiveCfg = Release|Any CPU
		{1EB756AE-302A-4169-A7E3-53DDFCBA2D59}.PreferChinese|Any CPU.Build.0 = Release|Any CPU
		{1EB756AE-302A-4169-A7E3-53DDFCBA2D59}.PreferChinese|Mixed Platforms.ActiveCfg = Release|Any CPU
		{1EB756AE-302A-4169-A7E3-53DDFCBA2D59}.PreferChinese|Mixed Platforms.Build.0 = Release|Any CPU
		{1EB756AE-302A-4169-A7E3-53DDFCBA2D59}.PreferChinese|x86.ActiveCfg = Release|Any CPU
		{1EB756AE-302A-4169-A7E3-53DDFCBA2D59}.PreferChinese|x86.Build.0 = Release|Any CPU
		{1EB756AE-302A-4169-A7E3-53DDFCBA2D59}.Release_PreferChinese|Any CPU.ActiveCfg = Release|Any CPU
		{1EB756AE-302A-4169-A7E3-53DDFCBA2D59}.Release_PreferChinese|Any CPU.Build.0 = Release|Any CPU
		{1EB756AE-302A-4169-A7E3-53DDFCBA2D59}.Release_PreferChinese|Mixed Platforms.ActiveCfg = Release|Any CPU
		{1EB756AE-302A-4169-A7E3-53DDFCBA2D59}.Release_PreferChinese|Mixed Platforms.Build.0 = Release|Any CPU
		{1EB756AE-302A-4169-A7E3-53DDFCBA2D59}.Release_PreferChinese|x86.ActiveCfg = Release|Any CPU
		{1EB756AE-302A-4169-A7E3-53DDFCBA2D59}.Release_PreferChinese|x86.Build.0 = Release|Any CPU
		{1EB756AE-302A-4169-A7E3-53DDFCBA2D59}.Release|Any CPU.ActiveCfg = Release|Any CPU
		{1EB756AE-302A-4169-A7E3-53DDFCBA2D59}.Release|Any CPU.Build.0 = Release|Any CPU
		{1EB756AE-302A-4169-A7E3-53DDFCBA2D59}.Release|Mixed Platforms.ActiveCfg = Release|Any CPU
		{1EB756AE-302A-4169-A7E3-53DDFCBA2D59}.Release|Mixed Platforms.Build.0 = Release|Any CPU
		{1EB756AE-302A-4169-A7E3-53DDFCBA2D59}.Release|x86.ActiveCfg = Release|Any CPU
		{1EB756AE-302A-4169-A7E3-53DDFCBA2D59}.Release|x86.Build.0 = Release|Any CPU
		{1EB756AE-302A-4169-A7E3-53DDFCBA2D59}.Symbol|Any CPU.ActiveCfg = Symbol|Any CPU
		{1EB756AE-302A-4169-A7E3-53DDFCBA2D59}.Symbol|Any CPU.Build.0 = Symbol|Any CPU
		{1EB756AE-302A-4169-A7E3-53DDFCBA2D59}.Symbol|Mixed Platforms.ActiveCfg = Symbol|Any CPU
		{1EB756AE-302A-4169-A7E3-53DDFCBA2D59}.Symbol|Mixed Platforms.Build.0 = Symbol|Any CPU
		{1EB756AE-302A-4169-A7E3-53DDFCBA2D59}.Symbol|x86.ActiveCfg = Symbol|Any CPU
		{1EB756AE-302A-4169-A7E3-53DDFCBA2D59}.Symbol|x86.Build.0 = Symbol|Any CPU
		{1EB756AE-302A-4169-A7E3-53DDFCBA2D59}.Symbols4Debug|Any CPU.ActiveCfg = Symbols4Debug|Any CPU
		{1EB756AE-302A-4169-A7E3-53DDFCBA2D59}.Symbols4Debug|Any CPU.Build.0 = Symbols4Debug|Any CPU
		{1EB756AE-302A-4169-A7E3-53DDFCBA2D59}.Symbols4Debug|Mixed Platforms.ActiveCfg = Symbols4Debug|Any CPU
		{1EB756AE-302A-4169-A7E3-53DDFCBA2D59}.Symbols4Debug|Mixed Platforms.Build.0 = Symbols4Debug|Any CPU
		{1EB756AE-302A-4169-A7E3-53DDFCBA2D59}.Symbols4Debug|x86.ActiveCfg = Symbols4Debug|Any CPU
		{1EB756AE-302A-4169-A7E3-53DDFCBA2D59}.Symbols4Debug|x86.Build.0 = Symbols4Debug|Any CPU
		{1EB756AE-302A-4169-A7E3-53DDFCBA2D59}.test_release|Any CPU.ActiveCfg = Release|Any CPU
		{1EB756AE-302A-4169-A7E3-53DDFCBA2D59}.test_release|Any CPU.Build.0 = Release|Any CPU
		{1EB756AE-302A-4169-A7E3-53DDFCBA2D59}.test_release|Mixed Platforms.ActiveCfg = Release|Any CPU
		{1EB756AE-302A-4169-A7E3-53DDFCBA2D59}.test_release|Mixed Platforms.Build.0 = Release|Any CPU
		{1EB756AE-302A-4169-A7E3-53DDFCBA2D59}.test_release|x86.ActiveCfg = Release|Any CPU
		{1EB756AE-302A-4169-A7E3-53DDFCBA2D59}.test_release|x86.Build.0 = Release|Any CPU
		{C2B2C72B-7950-468D-A024-A65B000F9F96}._Temp|Any CPU.ActiveCfg = Hbue40|Any CPU
		{C2B2C72B-7950-468D-A024-A65B000F9F96}._Temp|Any CPU.Build.0 = Hbue40|Any CPU
		{C2B2C72B-7950-468D-A024-A65B000F9F96}._Temp|Mixed Platforms.ActiveCfg = Hbue40|Any CPU
		{C2B2C72B-7950-468D-A024-A65B000F9F96}._Temp|Mixed Platforms.Build.0 = Hbue40|Any CPU
		{C2B2C72B-7950-468D-A024-A65B000F9F96}._Temp|x86.ActiveCfg = Hbue40|Any CPU
		{C2B2C72B-7950-468D-A024-A65B000F9F96}._Temp|x86.Build.0 = Hbue40|Any CPU
		{C2B2C72B-7950-468D-A024-A65B000F9F96}.Debug|Any CPU.ActiveCfg = Debug|Any CPU
		{C2B2C72B-7950-468D-A024-A65B000F9F96}.Debug|Any CPU.Build.0 = Debug|Any CPU
		{C2B2C72B-7950-468D-A024-A65B000F9F96}.Debug|Mixed Platforms.ActiveCfg = Debug|Any CPU
		{C2B2C72B-7950-468D-A024-A65B000F9F96}.Debug|Mixed Platforms.Build.0 = Debug|Any CPU
		{C2B2C72B-7950-468D-A024-A65B000F9F96}.Debug|x86.ActiveCfg = Debug|Any CPU
		{C2B2C72B-7950-468D-A024-A65B000F9F96}.Debug|x86.Build.0 = Debug|Any CPU
		{C2B2C72B-7950-468D-A024-A65B000F9F96}.debug2pub|Any CPU.ActiveCfg = Debug|Any CPU
		{C2B2C72B-7950-468D-A024-A65B000F9F96}.debug2pub|Any CPU.Build.0 = Debug|Any CPU
		{C2B2C72B-7950-468D-A024-A65B000F9F96}.debug2pub|Mixed Platforms.ActiveCfg = Debug|Any CPU
		{C2B2C72B-7950-468D-A024-A65B000F9F96}.debug2pub|Mixed Platforms.Build.0 = Debug|Any CPU
		{C2B2C72B-7950-468D-A024-A65B000F9F96}.debug2pub|x86.ActiveCfg = Debug|Any CPU
		{C2B2C72B-7950-468D-A024-A65B000F9F96}.debug2pub|x86.Build.0 = Debug|Any CPU
		{C2B2C72B-7950-468D-A024-A65B000F9F96}.hbue__deptS_ccpOrg___release|Any CPU.ActiveCfg = Hbue40|Any CPU
		{C2B2C72B-7950-468D-A024-A65B000F9F96}.hbue__deptS_ccpOrg___release|Any CPU.Build.0 = Hbue40|Any CPU
		{C2B2C72B-7950-468D-A024-A65B000F9F96}.hbue__deptS_ccpOrg___release|Mixed Platforms.ActiveCfg = Hbue40|Any CPU
		{C2B2C72B-7950-468D-A024-A65B000F9F96}.hbue__deptS_ccpOrg___release|Mixed Platforms.Build.0 = Hbue40|Any CPU
		{C2B2C72B-7950-468D-A024-A65B000F9F96}.hbue__deptS_ccpOrg___release|x86.ActiveCfg = Hbue40|Any CPU
		{C2B2C72B-7950-468D-A024-A65B000F9F96}.hbue__deptS_ccpOrg___release|x86.Build.0 = Hbue40|Any CPU
		{C2B2C72B-7950-468D-A024-A65B000F9F96}.hbue__deptS_ccpOrg|Any CPU.ActiveCfg = Hbue40|Any CPU
		{C2B2C72B-7950-468D-A024-A65B000F9F96}.hbue__deptS_ccpOrg|Any CPU.Build.0 = Hbue40|Any CPU
		{C2B2C72B-7950-468D-A024-A65B000F9F96}.hbue__deptS_ccpOrg|Mixed Platforms.ActiveCfg = Hbue40|Any CPU
		{C2B2C72B-7950-468D-A024-A65B000F9F96}.hbue__deptS_ccpOrg|Mixed Platforms.Build.0 = Hbue40|Any CPU
		{C2B2C72B-7950-468D-A024-A65B000F9F96}.hbue__deptS_ccpOrg|x86.ActiveCfg = Hbue40|Any CPU
		{C2B2C72B-7950-468D-A024-A65B000F9F96}.hbue__deptS_ccpOrg|x86.Build.0 = Hbue40|Any CPU
		{C2B2C72B-7950-468D-A024-A65B000F9F96}.Hbue40|Any CPU.ActiveCfg = Hbue40|Any CPU
		{C2B2C72B-7950-468D-A024-A65B000F9F96}.Hbue40|Any CPU.Build.0 = Hbue40|Any CPU
		{C2B2C72B-7950-468D-A024-A65B000F9F96}.Hbue40|Mixed Platforms.ActiveCfg = Hbue40|Any CPU
		{C2B2C72B-7950-468D-A024-A65B000F9F96}.Hbue40|Mixed Platforms.Build.0 = Hbue40|Any CPU
		{C2B2C72B-7950-468D-A024-A65B000F9F96}.Hbue40|x86.ActiveCfg = Hbue40|Any CPU
		{C2B2C72B-7950-468D-A024-A65B000F9F96}.Hbue40|x86.Build.0 = Hbue40|Any CPU
		{C2B2C72B-7950-468D-A024-A65B000F9F96}.PreferChinese|Any CPU.ActiveCfg = PreferChinese|Any CPU
		{C2B2C72B-7950-468D-A024-A65B000F9F96}.PreferChinese|Any CPU.Build.0 = PreferChinese|Any CPU
		{C2B2C72B-7950-468D-A024-A65B000F9F96}.PreferChinese|Mixed Platforms.ActiveCfg = PreferChinese|Any CPU
		{C2B2C72B-7950-468D-A024-A65B000F9F96}.PreferChinese|Mixed Platforms.Build.0 = PreferChinese|Any CPU
		{C2B2C72B-7950-468D-A024-A65B000F9F96}.PreferChinese|x86.ActiveCfg = PreferChinese|Any CPU
		{C2B2C72B-7950-468D-A024-A65B000F9F96}.PreferChinese|x86.Build.0 = PreferChinese|Any CPU
		{C2B2C72B-7950-468D-A024-A65B000F9F96}.Release_PreferChinese|Any CPU.ActiveCfg = Release_PreferChinese|Any CPU
		{C2B2C72B-7950-468D-A024-A65B000F9F96}.Release_PreferChinese|Any CPU.Build.0 = Release_PreferChinese|Any CPU
		{C2B2C72B-7950-468D-A024-A65B000F9F96}.Release_PreferChinese|Mixed Platforms.ActiveCfg = Release_PreferChinese|Any CPU
		{C2B2C72B-7950-468D-A024-A65B000F9F96}.Release_PreferChinese|Mixed Platforms.Build.0 = Release_PreferChinese|Any CPU
		{C2B2C72B-7950-468D-A024-A65B000F9F96}.Release_PreferChinese|x86.ActiveCfg = Release_PreferChinese|Any CPU
		{C2B2C72B-7950-468D-A024-A65B000F9F96}.Release_PreferChinese|x86.Build.0 = Release_PreferChinese|Any CPU
		{C2B2C72B-7950-468D-A024-A65B000F9F96}.Release|Any CPU.ActiveCfg = Release|Any CPU
		{C2B2C72B-7950-468D-A024-A65B000F9F96}.Release|Any CPU.Build.0 = Release|Any CPU
		{C2B2C72B-7950-468D-A024-A65B000F9F96}.Release|Mixed Platforms.ActiveCfg = Release|Any CPU
		{C2B2C72B-7950-468D-A024-A65B000F9F96}.Release|Mixed Platforms.Build.0 = Release|Any CPU
		{C2B2C72B-7950-468D-A024-A65B000F9F96}.Release|x86.ActiveCfg = Release|Any CPU
		{C2B2C72B-7950-468D-A024-A65B000F9F96}.Release|x86.Build.0 = Release|Any CPU
		{C2B2C72B-7950-468D-A024-A65B000F9F96}.Symbol|Any CPU.ActiveCfg = Symbol|Any CPU
		{C2B2C72B-7950-468D-A024-A65B000F9F96}.Symbol|Any CPU.Build.0 = Symbol|Any CPU
		{C2B2C72B-7950-468D-A024-A65B000F9F96}.Symbol|Mixed Platforms.ActiveCfg = Symbol|Any CPU
		{C2B2C72B-7950-468D-A024-A65B000F9F96}.Symbol|Mixed Platforms.Build.0 = Symbol|Any CPU
		{C2B2C72B-7950-468D-A024-A65B000F9F96}.Symbol|x86.ActiveCfg = Symbol|Any CPU
		{C2B2C72B-7950-468D-A024-A65B000F9F96}.Symbol|x86.Build.0 = Symbol|Any CPU
		{C2B2C72B-7950-468D-A024-A65B000F9F96}.Symbols4Debug|Any CPU.ActiveCfg = Symbols4Debug|Any CPU
		{C2B2C72B-7950-468D-A024-A65B000F9F96}.Symbols4Debug|Any CPU.Build.0 = Symbols4Debug|Any CPU
		{C2B2C72B-7950-468D-A024-A65B000F9F96}.Symbols4Debug|Mixed Platforms.ActiveCfg = Symbols4Debug|Any CPU
		{C2B2C72B-7950-468D-A024-A65B000F9F96}.Symbols4Debug|Mixed Platforms.Build.0 = Symbols4Debug|Any CPU
		{C2B2C72B-7950-468D-A024-A65B000F9F96}.Symbols4Debug|x86.ActiveCfg = Symbols4Debug|Any CPU
		{C2B2C72B-7950-468D-A024-A65B000F9F96}.Symbols4Debug|x86.Build.0 = Symbols4Debug|Any CPU
		{C2B2C72B-7950-468D-A024-A65B000F9F96}.test_release|Any CPU.ActiveCfg = Hbue40|Any CPU
		{C2B2C72B-7950-468D-A024-A65B000F9F96}.test_release|Any CPU.Build.0 = Hbue40|Any CPU
		{C2B2C72B-7950-468D-A024-A65B000F9F96}.test_release|Mixed Platforms.ActiveCfg = Hbue40|Any CPU
		{C2B2C72B-7950-468D-A024-A65B000F9F96}.test_release|Mixed Platforms.Build.0 = Hbue40|Any CPU
		{C2B2C72B-7950-468D-A024-A65B000F9F96}.test_release|x86.ActiveCfg = Hbue40|Any CPU
		{C2B2C72B-7950-468D-A024-A65B000F9F96}.test_release|x86.Build.0 = Hbue40|Any CPU
		{567A5DC3-DD49-4AD4-B7DB-FA5CA102BEBE}._Temp|Any CPU.ActiveCfg = Release|Any CPU
		{567A5DC3-DD49-4AD4-B7DB-FA5CA102BEBE}._Temp|Any CPU.Build.0 = Release|Any CPU
		{567A5DC3-DD49-4AD4-B7DB-FA5CA102BEBE}._Temp|Mixed Platforms.ActiveCfg = Release|Any CPU
		{567A5DC3-DD49-4AD4-B7DB-FA5CA102BEBE}._Temp|Mixed Platforms.Build.0 = Release|Any CPU
		{567A5DC3-DD49-4AD4-B7DB-FA5CA102BEBE}._Temp|x86.ActiveCfg = Release|Any CPU
		{567A5DC3-DD49-4AD4-B7DB-FA5CA102BEBE}._Temp|x86.Build.0 = Release|Any CPU
		{567A5DC3-DD49-4AD4-B7DB-FA5CA102BEBE}.Debug|Any CPU.ActiveCfg = Debug|Any CPU
		{567A5DC3-DD49-4AD4-B7DB-FA5CA102BEBE}.Debug|Any CPU.Build.0 = Debug|Any CPU
		{567A5DC3-DD49-4AD4-B7DB-FA5CA102BEBE}.Debug|Mixed Platforms.ActiveCfg = Debug|Any CPU
		{567A5DC3-DD49-4AD4-B7DB-FA5CA102BEBE}.Debug|Mixed Platforms.Build.0 = Debug|Any CPU
		{567A5DC3-DD49-4AD4-B7DB-FA5CA102BEBE}.Debug|x86.ActiveCfg = Debug|Any CPU
		{567A5DC3-DD49-4AD4-B7DB-FA5CA102BEBE}.Debug|x86.Build.0 = Debug|Any CPU
		{567A5DC3-DD49-4AD4-B7DB-FA5CA102BEBE}.debug2pub|Any CPU.ActiveCfg = Debug|Any CPU
		{567A5DC3-DD49-4AD4-B7DB-FA5CA102BEBE}.debug2pub|Any CPU.Build.0 = Debug|Any CPU
		{567A5DC3-DD49-4AD4-B7DB-FA5CA102BEBE}.debug2pub|Mixed Platforms.ActiveCfg = Debug|Any CPU
		{567A5DC3-DD49-4AD4-B7DB-FA5CA102BEBE}.debug2pub|Mixed Platforms.Build.0 = Debug|Any CPU
		{567A5DC3-DD49-4AD4-B7DB-FA5CA102BEBE}.debug2pub|x86.ActiveCfg = Debug|Any CPU
		{567A5DC3-DD49-4AD4-B7DB-FA5CA102BEBE}.debug2pub|x86.Build.0 = Debug|Any CPU
		{567A5DC3-DD49-4AD4-B7DB-FA5CA102BEBE}.hbue__deptS_ccpOrg___release|Any CPU.ActiveCfg = Release|Any CPU
		{567A5DC3-DD49-4AD4-B7DB-FA5CA102BEBE}.hbue__deptS_ccpOrg___release|Any CPU.Build.0 = Release|Any CPU
		{567A5DC3-DD49-4AD4-B7DB-FA5CA102BEBE}.hbue__deptS_ccpOrg___release|Mixed Platforms.ActiveCfg = Release|Any CPU
		{567A5DC3-DD49-4AD4-B7DB-FA5CA102BEBE}.hbue__deptS_ccpOrg___release|Mixed Platforms.Build.0 = Release|Any CPU
		{567A5DC3-DD49-4AD4-B7DB-FA5CA102BEBE}.hbue__deptS_ccpOrg___release|x86.ActiveCfg = Release|Any CPU
		{567A5DC3-DD49-4AD4-B7DB-FA5CA102BEBE}.hbue__deptS_ccpOrg___release|x86.Build.0 = Release|Any CPU
		{567A5DC3-DD49-4AD4-B7DB-FA5CA102BEBE}.hbue__deptS_ccpOrg|Any CPU.ActiveCfg = Release|Any CPU
		{567A5DC3-DD49-4AD4-B7DB-FA5CA102BEBE}.hbue__deptS_ccpOrg|Any CPU.Build.0 = Release|Any CPU
		{567A5DC3-DD49-4AD4-B7DB-FA5CA102BEBE}.hbue__deptS_ccpOrg|Mixed Platforms.ActiveCfg = Release|Any CPU
		{567A5DC3-DD49-4AD4-B7DB-FA5CA102BEBE}.hbue__deptS_ccpOrg|Mixed Platforms.Build.0 = Release|Any CPU
		{567A5DC3-DD49-4AD4-B7DB-FA5CA102BEBE}.hbue__deptS_ccpOrg|x86.ActiveCfg = Release|Any CPU
		{567A5DC3-DD49-4AD4-B7DB-FA5CA102BEBE}.hbue__deptS_ccpOrg|x86.Build.0 = Release|Any CPU
		{567A5DC3-DD49-4AD4-B7DB-FA5CA102BEBE}.Hbue40|Any CPU.ActiveCfg = Release|Any CPU
		{567A5DC3-DD49-4AD4-B7DB-FA5CA102BEBE}.Hbue40|Any CPU.Build.0 = Release|Any CPU
		{567A5DC3-DD49-4AD4-B7DB-FA5CA102BEBE}.Hbue40|Mixed Platforms.ActiveCfg = Release|Any CPU
		{567A5DC3-DD49-4AD4-B7DB-FA5CA102BEBE}.Hbue40|Mixed Platforms.Build.0 = Release|Any CPU
		{567A5DC3-DD49-4AD4-B7DB-FA5CA102BEBE}.Hbue40|x86.ActiveCfg = Release|Any CPU
		{567A5DC3-DD49-4AD4-B7DB-FA5CA102BEBE}.Hbue40|x86.Build.0 = Release|Any CPU
		{567A5DC3-DD49-4AD4-B7DB-FA5CA102BEBE}.PreferChinese|Any CPU.ActiveCfg = Release|Any CPU
		{567A5DC3-DD49-4AD4-B7DB-FA5CA102BEBE}.PreferChinese|Any CPU.Build.0 = Release|Any CPU
		{567A5DC3-DD49-4AD4-B7DB-FA5CA102BEBE}.PreferChinese|Mixed Platforms.ActiveCfg = Release|Any CPU
		{567A5DC3-DD49-4AD4-B7DB-FA5CA102BEBE}.PreferChinese|Mixed Platforms.Build.0 = Release|Any CPU
		{567A5DC3-DD49-4AD4-B7DB-FA5CA102BEBE}.PreferChinese|x86.ActiveCfg = Release|Any CPU
		{567A5DC3-DD49-4AD4-B7DB-FA5CA102BEBE}.PreferChinese|x86.Build.0 = Release|Any CPU
		{567A5DC3-DD49-4AD4-B7DB-FA5CA102BEBE}.Release_PreferChinese|Any CPU.ActiveCfg = Release|Any CPU
		{567A5DC3-DD49-4AD4-B7DB-FA5CA102BEBE}.Release_PreferChinese|Any CPU.Build.0 = Release|Any CPU
		{567A5DC3-DD49-4AD4-B7DB-FA5CA102BEBE}.Release_PreferChinese|Mixed Platforms.ActiveCfg = Release|Any CPU
		{567A5DC3-DD49-4AD4-B7DB-FA5CA102BEBE}.Release_PreferChinese|Mixed Platforms.Build.0 = Release|Any CPU
		{567A5DC3-DD49-4AD4-B7DB-FA5CA102BEBE}.Release_PreferChinese|x86.ActiveCfg = Release|Any CPU
		{567A5DC3-DD49-4AD4-B7DB-FA5CA102BEBE}.Release_PreferChinese|x86.Build.0 = Release|Any CPU
		{567A5DC3-DD49-4AD4-B7DB-FA5CA102BEBE}.Release|Any CPU.ActiveCfg = Release|Any CPU
		{567A5DC3-DD49-4AD4-B7DB-FA5CA102BEBE}.Release|Any CPU.Build.0 = Release|Any CPU
		{567A5DC3-DD49-4AD4-B7DB-FA5CA102BEBE}.Release|Mixed Platforms.ActiveCfg = Release|Any CPU
		{567A5DC3-DD49-4AD4-B7DB-FA5CA102BEBE}.Release|Mixed Platforms.Build.0 = Release|Any CPU
		{567A5DC3-DD49-4AD4-B7DB-FA5CA102BEBE}.Release|x86.ActiveCfg = Release|Any CPU
		{567A5DC3-DD49-4AD4-B7DB-FA5CA102BEBE}.Release|x86.Build.0 = Release|Any CPU
		{567A5DC3-DD49-4AD4-B7DB-FA5CA102BEBE}.Symbol|Any CPU.ActiveCfg = Debug|Any CPU
		{567A5DC3-DD49-4AD4-B7DB-FA5CA102BEBE}.Symbol|Mixed Platforms.ActiveCfg = Debug|Any CPU
		{567A5DC3-DD49-4AD4-B7DB-FA5CA102BEBE}.Symbol|x86.ActiveCfg = Debug|Any CPU
		{567A5DC3-DD49-4AD4-B7DB-FA5CA102BEBE}.Symbols4Debug|Any CPU.ActiveCfg = Debug|Any CPU
		{567A5DC3-DD49-4AD4-B7DB-FA5CA102BEBE}.Symbols4Debug|Mixed Platforms.ActiveCfg = Debug|Any CPU
		{567A5DC3-DD49-4AD4-B7DB-FA5CA102BEBE}.Symbols4Debug|x86.ActiveCfg = Debug|Any CPU
		{567A5DC3-DD49-4AD4-B7DB-FA5CA102BEBE}.test_release|Any CPU.ActiveCfg = Release|Any CPU
		{567A5DC3-DD49-4AD4-B7DB-FA5CA102BEBE}.test_release|Any CPU.Build.0 = Release|Any CPU
		{567A5DC3-DD49-4AD4-B7DB-FA5CA102BEBE}.test_release|Mixed Platforms.ActiveCfg = Release|Any CPU
		{567A5DC3-DD49-4AD4-B7DB-FA5CA102BEBE}.test_release|Mixed Platforms.Build.0 = Release|Any CPU
		{567A5DC3-DD49-4AD4-B7DB-FA5CA102BEBE}.test_release|x86.ActiveCfg = Release|Any CPU
		{567A5DC3-DD49-4AD4-B7DB-FA5CA102BEBE}.test_release|x86.Build.0 = Release|Any CPU
		{73C13F00-518B-442E-ACFE-B2CE915D36AF}._Temp|Any CPU.ActiveCfg = Release|Any CPU
		{73C13F00-518B-442E-ACFE-B2CE915D36AF}._Temp|Any CPU.Build.0 = Release|Any CPU
		{73C13F00-518B-442E-ACFE-B2CE915D36AF}._Temp|Mixed Platforms.ActiveCfg = Release|Any CPU
		{73C13F00-518B-442E-ACFE-B2CE915D36AF}._Temp|Mixed Platforms.Build.0 = Release|Any CPU
		{73C13F00-518B-442E-ACFE-B2CE915D36AF}._Temp|x86.ActiveCfg = Release|Any CPU
		{73C13F00-518B-442E-ACFE-B2CE915D36AF}._Temp|x86.Build.0 = Release|Any CPU
		{73C13F00-518B-442E-ACFE-B2CE915D36AF}.Debug|Any CPU.ActiveCfg = Debug|Any CPU
		{73C13F00-518B-442E-ACFE-B2CE915D36AF}.Debug|Any CPU.Build.0 = Debug|Any CPU
		{73C13F00-518B-442E-ACFE-B2CE915D36AF}.Debug|Mixed Platforms.ActiveCfg = Debug|Any CPU
		{73C13F00-518B-442E-ACFE-B2CE915D36AF}.Debug|Mixed Platforms.Build.0 = Debug|Any CPU
		{73C13F00-518B-442E-ACFE-B2CE915D36AF}.Debug|x86.ActiveCfg = Debug|Any CPU
		{73C13F00-518B-442E-ACFE-B2CE915D36AF}.Debug|x86.Build.0 = Debug|Any CPU
		{73C13F00-518B-442E-ACFE-B2CE915D36AF}.debug2pub|Any CPU.ActiveCfg = Debug|Any CPU
		{73C13F00-518B-442E-ACFE-B2CE915D36AF}.debug2pub|Any CPU.Build.0 = Debug|Any CPU
		{73C13F00-518B-442E-ACFE-B2CE915D36AF}.debug2pub|Mixed Platforms.ActiveCfg = Debug|Any CPU
		{73C13F00-518B-442E-ACFE-B2CE915D36AF}.debug2pub|Mixed Platforms.Build.0 = Debug|Any CPU
		{73C13F00-518B-442E-ACFE-B2CE915D36AF}.debug2pub|x86.ActiveCfg = Debug|Any CPU
		{73C13F00-518B-442E-ACFE-B2CE915D36AF}.debug2pub|x86.Build.0 = Debug|Any CPU
		{73C13F00-518B-442E-ACFE-B2CE915D36AF}.hbue__deptS_ccpOrg___release|Any CPU.ActiveCfg = Release|Any CPU
		{73C13F00-518B-442E-ACFE-B2CE915D36AF}.hbue__deptS_ccpOrg___release|Any CPU.Build.0 = Release|Any CPU
		{73C13F00-518B-442E-ACFE-B2CE915D36AF}.hbue__deptS_ccpOrg___release|Mixed Platforms.ActiveCfg = Release|Any CPU
		{73C13F00-518B-442E-ACFE-B2CE915D36AF}.hbue__deptS_ccpOrg___release|Mixed Platforms.Build.0 = Release|Any CPU
		{73C13F00-518B-442E-ACFE-B2CE915D36AF}.hbue__deptS_ccpOrg___release|x86.ActiveCfg = Release|Any CPU
		{73C13F00-518B-442E-ACFE-B2CE915D36AF}.hbue__deptS_ccpOrg___release|x86.Build.0 = Release|Any CPU
		{73C13F00-518B-442E-ACFE-B2CE915D36AF}.hbue__deptS_ccpOrg|Any CPU.ActiveCfg = Release|Any CPU
		{73C13F00-518B-442E-ACFE-B2CE915D36AF}.hbue__deptS_ccpOrg|Any CPU.Build.0 = Release|Any CPU
		{73C13F00-518B-442E-ACFE-B2CE915D36AF}.hbue__deptS_ccpOrg|Mixed Platforms.ActiveCfg = Release|Any CPU
		{73C13F00-518B-442E-ACFE-B2CE915D36AF}.hbue__deptS_ccpOrg|Mixed Platforms.Build.0 = Release|Any CPU
		{73C13F00-518B-442E-ACFE-B2CE915D36AF}.hbue__deptS_ccpOrg|x86.ActiveCfg = Release|Any CPU
		{73C13F00-518B-442E-ACFE-B2CE915D36AF}.hbue__deptS_ccpOrg|x86.Build.0 = Release|Any CPU
		{73C13F00-518B-442E-ACFE-B2CE915D36AF}.Hbue40|Any CPU.ActiveCfg = Release|Any CPU
		{73C13F00-518B-442E-ACFE-B2CE915D36AF}.Hbue40|Any CPU.Build.0 = Release|Any CPU
		{73C13F00-518B-442E-ACFE-B2CE915D36AF}.Hbue40|Mixed Platforms.ActiveCfg = Release|Any CPU
		{73C13F00-518B-442E-ACFE-B2CE915D36AF}.Hbue40|Mixed Platforms.Build.0 = Release|Any CPU
		{73C13F00-518B-442E-ACFE-B2CE915D36AF}.Hbue40|x86.ActiveCfg = Release|Any CPU
		{73C13F00-518B-442E-ACFE-B2CE915D36AF}.Hbue40|x86.Build.0 = Release|Any CPU
		{73C13F00-518B-442E-ACFE-B2CE915D36AF}.PreferChinese|Any CPU.ActiveCfg = Release|Any CPU
		{73C13F00-518B-442E-ACFE-B2CE915D36AF}.PreferChinese|Any CPU.Build.0 = Release|Any CPU
		{73C13F00-518B-442E-ACFE-B2CE915D36AF}.PreferChinese|Mixed Platforms.ActiveCfg = Release|Any CPU
		{73C13F00-518B-442E-ACFE-B2CE915D36AF}.PreferChinese|Mixed Platforms.Build.0 = Release|Any CPU
		{73C13F00-518B-442E-ACFE-B2CE915D36AF}.PreferChinese|x86.ActiveCfg = Release|Any CPU
		{73C13F00-518B-442E-ACFE-B2CE915D36AF}.PreferChinese|x86.Build.0 = Release|Any CPU
		{73C13F00-518B-442E-ACFE-B2CE915D36AF}.Release_PreferChinese|Any CPU.ActiveCfg = Release|Any CPU
		{73C13F00-518B-442E-ACFE-B2CE915D36AF}.Release_PreferChinese|Any CPU.Build.0 = Release|Any CPU
		{73C13F00-518B-442E-ACFE-B2CE915D36AF}.Release_PreferChinese|Mixed Platforms.ActiveCfg = Release|Any CPU
		{73C13F00-518B-442E-ACFE-B2CE915D36AF}.Release_PreferChinese|Mixed Platforms.Build.0 = Release|Any CPU
		{73C13F00-518B-442E-ACFE-B2CE915D36AF}.Release_PreferChinese|x86.ActiveCfg = Release|Any CPU
		{73C13F00-518B-442E-ACFE-B2CE915D36AF}.Release_PreferChinese|x86.Build.0 = Release|Any CPU
		{73C13F00-518B-442E-ACFE-B2CE915D36AF}.Release|Any CPU.ActiveCfg = Release|Any CPU
		{73C13F00-518B-442E-ACFE-B2CE915D36AF}.Release|Any CPU.Build.0 = Release|Any CPU
		{73C13F00-518B-442E-ACFE-B2CE915D36AF}.Release|Mixed Platforms.ActiveCfg = Release|Any CPU
		{73C13F00-518B-442E-ACFE-B2CE915D36AF}.Release|Mixed Platforms.Build.0 = Release|Any CPU
		{73C13F00-518B-442E-ACFE-B2CE915D36AF}.Release|x86.ActiveCfg = Release|Any CPU
		{73C13F00-518B-442E-ACFE-B2CE915D36AF}.Release|x86.Build.0 = Release|Any CPU
		{73C13F00-518B-442E-ACFE-B2CE915D36AF}.Symbol|Any CPU.ActiveCfg = Debug|Any CPU
		{73C13F00-518B-442E-ACFE-B2CE915D36AF}.Symbol|Mixed Platforms.ActiveCfg = Debug|Any CPU
		{73C13F00-518B-442E-ACFE-B2CE915D36AF}.Symbol|x86.ActiveCfg = Debug|Any CPU
		{73C13F00-518B-442E-ACFE-B2CE915D36AF}.Symbols4Debug|Any CPU.ActiveCfg = Debug|Any CPU
		{73C13F00-518B-442E-ACFE-B2CE915D36AF}.Symbols4Debug|Any CPU.Build.0 = Debug|Any CPU
		{73C13F00-518B-442E-ACFE-B2CE915D36AF}.Symbols4Debug|Mixed Platforms.ActiveCfg = Debug|Any CPU
		{73C13F00-518B-442E-ACFE-B2CE915D36AF}.Symbols4Debug|Mixed Platforms.Build.0 = Debug|Any CPU
		{73C13F00-518B-442E-ACFE-B2CE915D36AF}.Symbols4Debug|x86.ActiveCfg = Debug|Any CPU
		{73C13F00-518B-442E-ACFE-B2CE915D36AF}.Symbols4Debug|x86.Build.0 = Debug|Any CPU
		{73C13F00-518B-442E-ACFE-B2CE915D36AF}.test_release|Any CPU.ActiveCfg = Release|Any CPU
		{73C13F00-518B-442E-ACFE-B2CE915D36AF}.test_release|Any CPU.Build.0 = Release|Any CPU
		{73C13F00-518B-442E-ACFE-B2CE915D36AF}.test_release|Mixed Platforms.ActiveCfg = Release|Any CPU
		{73C13F00-518B-442E-ACFE-B2CE915D36AF}.test_release|Mixed Platforms.Build.0 = Release|Any CPU
		{73C13F00-518B-442E-ACFE-B2CE915D36AF}.test_release|x86.ActiveCfg = Release|Any CPU
		{73C13F00-518B-442E-ACFE-B2CE915D36AF}.test_release|x86.Build.0 = Release|Any CPU
	EndGlobalSection
	GlobalSection(SolutionProperties) = preSolution
		HideSolutionNode = FALSE
	EndGlobalSection
	GlobalSection(NestedProjects) = preSolution
		{C2B2C72B-7950-468D-A024-A65B000F9F96} = {78F2F280-0EED-460B-A8B8-954C564D5998}
		{8EAD84EE-BC71-4738-877F-9B2A490357CB} = {78F2F280-0EED-460B-A8B8-954C564D5998}
		{567A5DC3-DD49-4AD4-B7DB-FA5CA102BEBE} = {8EAD84EE-BC71-4738-877F-9B2A490357CB}
	EndGlobalSection
	GlobalSection(ExtensibilityGlobals) = postSolution
		SolutionGuid = {BB957E39-5125-4833-85C8-1116D654AD11}
	EndGlobalSection
	GlobalSection(TestCaseManagementSettings) = postSolution
		CategoryFile = ..\..\nilnul.num.rational\nilnul.num.rational.vsmdi
	EndGlobalSection
	GlobalSection(TestCaseManagementSettings) = postSolution
		CategoryFile = ..\..\nilnul.num.rational\nilnul.num.rational.vsmdi
	EndGlobalSection
	GlobalSection(TestCaseManagementSettings) = postSolution
		CategoryFile = ..\..\nilnul.num.rational\nilnul.num.rational.vsmdi
	EndGlobalSection
	GlobalSection(TestCaseManagementSettings) = postSolution
		CategoryFile = ..\..\nilnul.num.rational\nilnul.num.rational.vsmdi
	EndGlobalSection
	GlobalSection(TestCaseManagementSettings) = postSolution
		CategoryFile = ..\..\nilnul.num.rational\nilnul.num.rational.vsmdi
	EndGlobalSection
	GlobalSection(TestCaseManagementSettings) = postSolution
		CategoryFile = ..\..\nilnul.num.rational\nilnul.num.rational.vsmdi
	EndGlobalSection
	GlobalSection(TestCaseManagementSettings) = postSolution
		CategoryFile = ..\..\nilnul.num.rational\nilnul.num.rational.vsmdi
	EndGlobalSection
	GlobalSection(TestCaseManagementSettings) = postSolution
		CategoryFile = ..\..\nilnul.num.rational\nilnul.num.rational.vsmdi
	EndGlobalSection
	GlobalSection(TestCaseManagementSettings) = postSolution
		CategoryFile = ..\..\nilnul.num.rational\nilnul.num.rational.vsmdi
	EndGlobalSection
	GlobalSection(TestCaseManagementSettings) = postSolution
		CategoryFile = ..\..\nilnul.num.rational\nilnul.num.rational.vsmdi
	EndGlobalSection
	GlobalSection(TestCaseManagementSettings) = postSolution
		CategoryFile = ..\..\nilnul.num.rational\nilnul.num.rational.vsmdi
	EndGlobalSection
	GlobalSection(TestCaseManagementSettings) = postSolution
		CategoryFile = ..\..\nilnul.num.rational\nilnul.num.rational.vsmdi
	EndGlobalSection
	GlobalSection(TestCaseManagementSettings) = postSolution
		CategoryFile = ..\..\nilnul.num.rational\nilnul.num.rational.vsmdi
	EndGlobalSection
	GlobalSection(TestCaseManagementSettings) = postSolution
		CategoryFile = ..\..\nilnul.num.rational\nilnul.num.rational.vsmdi
	EndGlobalSection
EndGlobal
